
Microsoft Visual Studio Solution File, Format Version 12.00
# Visual Studio Version 16
VisualStudioVersion = 16.0.30804.86
MinimumVisualStudioVersion = 10.0.40219.1
Project("{9A19103F-16F7-4668-BE54-9A1E7A4F7556}") = "Kampintro", "Kampintro\Kampintro.csproj", "{DDDC3370-F1B3-4266-A1FC-65DAA982F4EE}"
EndProject
Project("{9A19103F-16F7-4668-BE54-9A1E7A4F7556}") = "Donguler", "Donguler\Donguler.csproj", "{CFD4D971-CBF1-4774-B16D-960CEC43528D}"
EndProject
Project("{9A19103F-16F7-4668-BE54-9A1E7A4F7556}") = "ClassIntro", "ClassIntro\ClassIntro.csproj", "{F2071A5E-B64F-4127-B78A-7CF5339DFA32}"
EndProject
Project("{9A19103F-16F7-4668-BE54-9A1E7A4F7556}") = "Metotlar", "Metotlar\Metotlar.csproj", "{E417A6BB-93A9-4F86-9A60-2C48F2BB7F97}"
EndProject
Project("{9A19103F-16F7-4668-BE54-9A1E7A4F7556}") = "Matematik", "Matematik\Matematik.csproj", "{692536CB-E502-4A3B-9D0C-C34E7B7AF95D}"
EndProject
Project("{9A19103F-16F7-4668-BE54-9A1E7A4F7556}") = "DegerVeReferansTipler", "DegerVeReferansTipler\DegerVeReferansTipler.csproj", "{80E489E3-89D2-40A3-880D-43FDFE867E0A}"
EndProject
Project("{9A19103F-16F7-4668-BE54-9A1E7A4F7556}") = "OOP1", "OOP1\OOP1.csproj", "{A1670A81-242E-4735-89CC-A8BA758C56FA}"
EndProject
Project("{9A19103F-16F7-4668-BE54-9A1E7A4F7556}") = "Colection", "Colection\Colection.csproj", "{76E59666-49F6-41E8-9D40-DB554BFAFB5E}"
EndProject
Project("{9A19103F-16F7-4668-BE54-9A1E7A4F7556}") = "GenericsIntro", "GenericsIntro\GenericsIntro.csproj", "{B2FECBA6-12DD-4242-9996-9C77C4F65376}"
EndProject
Project("{FAE04EC0-301F-11D3-BF4B-00C04F79EFBC}") = "OOP2", "OOP2\OOP2.csproj", "{0F5BDD6A-A0AD-44F5-B7A9-33D3E031FEFC}"
EndProject
Project("{FAE04EC0-301F-11D3-BF4B-00C04F79EFBC}") = "OOP3", "OOP3\OOP3.csproj", "{C3974B29-3CD4-45AC-A7A0-00C0A26E1B0A}"
EndProject
Global
	GlobalSection(SolutionConfigurationPlatforms) = preSolution
		Debug|Any CPU = Debug|Any CPU
		Release|Any CPU = Release|Any CPU
	EndGlobalSection
	GlobalSection(ProjectConfigurationPlatforms) = postSolution
		{DDDC3370-F1B3-4266-A1FC-65DAA982F4EE}.Debug|Any CPU.ActiveCfg = Debug|Any CPU
		{DDDC3370-F1B3-4266-A1FC-65DAA982F4EE}.Debug|Any CPU.Build.0 = Debug|Any CPU
		{DDDC3370-F1B3-4266-A1FC-65DAA982F4EE}.Release|Any CPU.ActiveCfg = Release|Any CPU
		{DDDC3370-F1B3-4266-A1FC-65DAA982F4EE}.Release|Any CPU.Build.0 = Release|Any CPU
		{CFD4D971-CBF1-4774-B16D-960CEC43528D}.Debug|Any CPU.ActiveCfg = Debug|Any CPU
		{CFD4D971-CBF1-4774-B16D-960CEC43528D}.Debug|Any CPU.Build.0 = Debug|Any CPU
		{CFD4D971-CBF1-4774-B16D-960CEC43528D}.Release|Any CPU.ActiveCfg = Release|Any CPU
		{CFD4D971-CBF1-4774-B16D-960CEC43528D}.Release|Any CPU.Build.0 = Release|Any CPU
		{F2071A5E-B64F-4127-B78A-7CF5339DFA32}.Debug|Any CPU.ActiveCfg = Debug|Any CPU
		{F2071A5E-B64F-4127-B78A-7CF5339DFA32}.Debug|Any CPU.Build.0 = Debug|Any CPU
		{F2071A5E-B64F-4127-B78A-7CF5339DFA32}.Release|Any CPU.ActiveCfg = Release|Any CPU
		{F2071A5E-B64F-4127-B78A-7CF5339DFA32}.Release|Any CPU.Build.0 = Release|Any CPU
		{E417A6BB-93A9-4F86-9A60-2C48F2BB7F97}.Debug|Any CPU.ActiveCfg = Debug|Any CPU
		{E417A6BB-93A9-4F86-9A60-2C48F2BB7F97}.Debug|Any CPU.Build.0 = Debug|Any CPU
		{E417A6BB-93A9-4F86-9A60-2C48F2BB7F97}.Release|Any CPU.ActiveCfg = Release|Any CPU
		{E417A6BB-93A9-4F86-9A60-2C48F2BB7F97}.Release|Any CPU.Build.0 = Release|Any CPU
		{692536CB-E502-4A3B-9D0C-C34E7B7AF95D}.Debug|Any CPU.ActiveCfg = Debug|Any CPU
		{692536CB-E502-4A3B-9D0C-C34E7B7AF95D}.Debug|Any CPU.Build.0 = Debug|Any CPU
		{692536CB-E502-4A3B-9D0C-C34E7B7AF95D}.Release|Any CPU.ActiveCfg = Release|Any CPU
		{692536CB-E502-4A3B-9D0C-C34E7B7AF95D}.Release|Any CPU.Build.0 = Release|Any CPU
		{80E489E3-89D2-40A3-880D-43FDFE867E0A}.Debug|Any CPU.ActiveCfg = Debug|Any CPU
		{80E489E3-89D2-40A3-880D-43FDFE867E0A}.Debug|Any CPU.Build.0 = Debug|Any CPU
		{80E489E3-89D2-40A3-880D-43FDFE867E0A}.Release|Any CPU.ActiveCfg = Release|Any CPU
		{80E489E3-89D2-40A3-880D-43FDFE867E0A}.Release|Any CPU.Build.0 = Release|Any CPU
		{A1670A81-242E-4735-89CC-A8BA758C56FA}.Debug|Any CPU.ActiveCfg = Debug|Any CPU
		{A1670A81-242E-4735-89CC-A8BA758C56FA}.Debug|Any CPU.Build.0 = Debug|Any CPU
		{A1670A81-242E-4735-89CC-A8BA758C56FA}.Release|Any CPU.ActiveCfg = Release|Any CPU
		{A1670A81-242E-4735-89CC-A8BA758C56FA}.Release|Any CPU.Build.0 = Release|Any CPU
		{76E59666-49F6-41E8-9D40-DB554BFAFB5E}.Debug|Any CPU.ActiveCfg = Debug|Any CPU
		{76E59666-49F6-41E8-9D40-DB554BFAFB5E}.Debug|Any CPU.Build.0 = Debug|Any CPU
		{76E59666-49F6-41E8-9D40-DB554BFAFB5E}.Release|Any CPU.ActiveCfg = Release|Any CPU
		{76E59666-49F6-41E8-9D40-DB554BFAFB5E}.Release|Any CPU.Build.0 = Release|Any CPU
		{B2FECBA6-12DD-4242-9996-9C77C4F65376}.Debug|Any CPU.ActiveCfg = Debug|Any CPU
		{B2FECBA6-12DD-4242-9996-9C77C4F65376}.Debug|Any CPU.Build.0 = Debug|Any CPU
		{B2FECBA6-12DD-4242-9996-9C77C4F65376}.Release|Any CPU.ActiveCfg = Release|Any CPU
		{B2FECBA6-12DD-4242-9996-9C77C4F65376}.Release|Any CPU.Build.0 = Release|Any CPU
		{0F5BDD6A-A0AD-44F5-B7A9-33D3E031FEFC}.Debug|Any CPU.ActiveCfg = Debug|Any CPU
		{0F5BDD6A-A0AD-44F5-B7A9-33D3E031FEFC}.Debug|Any CPU.Build.0 = Debug|Any CPU
		{0F5BDD6A-A0AD-44F5-B7A9-33D3E031FEFC}.Release|Any CPU.ActiveCfg = Release|Any CPU
		{0F5BDD6A-A0AD-44F5-B7A9-33D3E031FEFC}.Release|Any CPU.Build.0 = Release|Any CPU
		{C3974B29-3CD4-45AC-A7A0-00C0A26E1B0A}.Debug|Any CPU.ActiveCfg = Debug|Any CPU
		{C3974B29-3CD4-45AC-A7A0-00C0A26E1B0A}.Debug|Any CPU.Build.0 = Debug|Any CPU
		{C3974B29-3CD4-45AC-A7A0-00C0A26E1B0A}.Release|Any CPU.ActiveCfg = Release|Any CPU
		{C3974B29-3CD4-45AC-A7A0-00C0A26E1B0A}.Release|Any CPU.Build.0 = Release|Any CPU
	EndGlobalSection
	GlobalSection(SolutionProperties) = preSolution
		HideSolutionNode = FALSE
	EndGlobalSection
	GlobalSection(ExtensibilityGlobals) = postSolution
		SolutionGuid = {5EB47920-8211-4208-BA2E-D825263B31A4}
	EndGlobalSection
EndGlobal
